Microsoft Visual Studio Solution File, Format Version 12.00
# Visual Studio Version 16
VisualStudioVersion = 16.0.30611.23
MinimumVisualStudioVersion = 10.0.40219.1
Project("{9A19103F-16F7-4668-BE54-9A1E7A4F7556}") = "ArraysAndLists", "ArraysAndLists\ArraysAndLists.csproj", "{1E9B3440-7E38-4333-815C-266D8CA43F65}"
EndProject
Project("{FAE04EC0-301F-11D3-BF4B-00C04F79EFBC}") = "Examples", "Examples\Examples.csproj", "{E7412551-31B3-47AF-BBA2-8605D12B6CFF}"
EndProject
Global
	GlobalSection(SolutionConfigurationPlatforms) = preSolution
		Debug|Any CPU = Debug|Any CPU
		Release|Any CPU = Release|Any CPU
	EndGlobalSection
	GlobalSection(ProjectConfigurationPlatforms) = postSolution
		{1E9B3440-7E38-4333-815C-266D8CA43F65}.Debug|Any CPU.ActiveCfg = Debug|Any CPU
		{1E9B3440-7E38-4333-815C-266D8CA43F65}.Debug|Any CPU.Build.0 = Debug|Any CPU
		{1E9B3440-7E38-4333-815C-266D8CA43F65}.Release|Any CPU.ActiveCfg = Release|Any CPU
		{1E9B3440-7E38-4333-815C-266D8CA43F65}.Release|Any CPU.Build.0 = Release|Any CPU
		{E7412551-31B3-47AF-BBA2-8605D12B6CFF}.Debug|Any CPU.ActiveCfg = Debug|Any CPU
		{E7412551-31B3-47AF-BBA2-8605D12B6CFF}.Debug|Any CPU.Build.0 = Debug|Any CPU
		{E7412551-31B3-47AF-BBA2-8605D12B6CFF}.Release|Any CPU.ActiveCfg = Release|Any CPU
		{E7412551-31B3-47AF-BBA2-8605D12B6CFF}.Release|Any CPU.Build.0 = Release|Any CPU
	EndGlobalSection
	GlobalSection(SolutionProperties) = preSolution
		HideSolutionNode = FALSE
	EndGlobalSection
	GlobalSection(ExtensibilityGlobals) = postSolution
		SolutionGuid = {7F0F7E7D-CE5B-4518-8923-1A9BE857A7B2}
	EndGlobalSection
EndGlobal
